{
  "name": "leadership",
  "lockfileVersion": 3,
  "requires": true,
  "packages": {
    "": {
      "dependencies": {
        "@tanstack/react-query-devtools": "^5.84.1"
      }
    },
    "node_modules/@tanstack/query-core": {
      "version": "5.83.1",
      "resolved": "https://registry.npmjs.org/@tanstack/query-core/-/query-core-5.83.1.tgz",
      "integrity": "sha512-OG69LQgT7jSp+5pPuCfzltq/+7l2xoweggjme9vlbCPa/d7D7zaqv5vN/S82SzSYZ4EDLTxNO1PWrv49RAS64Q==",
      "license": "MIT",
      "peer": true,
      "funding": {
        "type": "github",
        "url": "https://github.com/sponsors/tannerlinsley"
      }
    },
    "node_modules/@tanstack/query-devtools": {
      "version": "5.84.0",
      "resolved": "https://registry.npmjs.org/@tanstack/query-devtools/-/query-devtools-5.84.0.tgz",
      "integrity": "sha512-fbF3n+z1rqhvd9EoGp5knHkv3p5B2Zml1yNRjh7sNXklngYI5RVIWUrUjZ1RIcEoscarUb0+bOvIs5x9dwzOXQ==",
      "license": "MIT",
      "funding": {
        "type": "github",
        "url": "https://github.com/sponsors/tannerlinsley"
      }
    },
    "node_modules/@tanstack/react-query": {
      "version": "5.84.1",
      "resolved": "https://registry.npmjs.org/@tanstack/react-query/-/react-query-5.84.1.tgz",
      "integrity": "sha512-zo7EUygcWJMQfFNWDSG7CBhy8irje/XY0RDVKKV4IQJAysb+ZJkkJPcnQi+KboyGUgT+SQebRFoTqLuTtfoDLw==",
      "license": "MIT",
      "peer": true,
      "dependencies": {
        "@tanstack/query-core": "5.83.1"
      },
      "funding": {
        "type": "github",
        "url": "https://github.com/sponsors/tannerlinsley"
      },
      "peerDependencies": {
        "react": "^18 || ^19"
      }
    },
    "node_modules/@tanstack/react-query-devtools": {
      "version": "5.84.1",
      "resolved": "https://registry.npmjs.org/@tanstack/react-query-devtools/-/react-query-devtools-5.84.1.tgz",
      "integrity": "sha512-nle+OQ9B3Z3EG2R3ixvaNcJ6OeqGwmAc5iMDW6Vj+emLZkWRrN3BDsrzZQu414n34lpxplnC7z1jmKuU/scHCQ==",
      "license": "MIT",
      "dependencies": {
        "@tanstack/query-devtools": "5.84.0"
      },
      "funding": {
        "type": "github",
        "url": "https://github.com/sponsors/tannerlinsley"
      },
      "peerDependencies": {
        "@tanstack/react-query": "^5.84.1",
        "react": "^18 || ^19"
      }
    },
    "node_modules/react": {
      "version": "19.1.1",
      "resolved": "https://registry.npmjs.org/react/-/react-19.1.1.tgz",
      "integrity": "sha512-w8nqGImo45dmMIfljjMwOGtbmC/mk4CMYhWIicdSflH91J9TyCyczcPFXJzrZ/ZXcgGRFeP6BU0BEJTw6tZdfQ==",
      "license": "MIT",
      "peer": true,
      "engines": {
        "node": ">=0.10.0"
      }
    }
  }
}
